
Microsoft Visual Studio Solution File, Format Version 12.00
# Visual Studio Version 17
VisualStudioVersion = 17.7.34031.279
MinimumVisualStudioVersion = 10.0.40219.1
Project("{9A19103F-16F7-4668-BE54-9A1E7A4F7556}") = "Task-1-Win", "Task-1-Win\Task-1-Win.csproj", "{CA951503-8667-4EA2-A643-D1ABDF2D7392}"
EndProject
Project("{FAE04EC0-301F-11D3-BF4B-00C04F79EFBC}") = "RunLabel", "RunLabel\RunLabel.csproj", "{102FA286-EFEB-4578-A22C-45AC68B9AB96}"
EndProject
Project("{FAE04EC0-301F-11D3-BF4B-00C04F79EFBC}") = "BakuLondon", "BakuLondon\BakuLondon.csproj", "{3CE99160-4329-4C03-A4F3-71BD69F0B2C6}"
EndProject
Global
	GlobalSection(SolutionConfigurationPlatforms) = preSolution
		Debug|Any CPU = Debug|Any CPU
		Release|Any CPU = Release|Any CPU
	EndGlobalSection
	GlobalSection(ProjectConfigurationPlatforms) = postSolution
		{CA951503-8667-4EA2-A643-D1ABDF2D7392}.Debug|Any CPU.ActiveCfg = Debug|Any CPU
		{CA951503-8667-4EA2-A643-D1ABDF2D7392}.Debug|Any CPU.Build.0 = Debug|Any CPU
		{CA951503-8667-4EA2-A643-D1ABDF2D7392}.Release|Any CPU.ActiveCfg = Release|Any CPU
		{CA951503-8667-4EA2-A643-D1ABDF2D7392}.Release|Any CPU.Build.0 = Release|Any CPU
		{102FA286-EFEB-4578-A22C-45AC68B9AB96}.Debug|Any CPU.ActiveCfg = Debug|Any CPU
		{102FA286-EFEB-4578-A22C-45AC68B9AB96}.Debug|Any CPU.Build.0 = Debug|Any CPU
		{102FA286-EFEB-4578-A22C-45AC68B9AB96}.Release|Any CPU.ActiveCfg = Release|Any CPU
		{102FA286-EFEB-4578-A22C-45AC68B9AB96}.Release|Any CPU.Build.0 = Release|Any CPU
		{3CE99160-4329-4C03-A4F3-71BD69F0B2C6}.Debug|Any CPU.ActiveCfg = Debug|Any CPU
		{3CE99160-4329-4C03-A4F3-71BD69F0B2C6}.Debug|Any CPU.Build.0 = Debug|Any CPU
		{3CE99160-4329-4C03-A4F3-71BD69F0B2C6}.Release|Any CPU.ActiveCfg = Release|Any CPU
		{3CE99160-4329-4C03-A4F3-71BD69F0B2C6}.Release|Any CPU.Build.0 = Release|Any CPU
	EndGlobalSection
	GlobalSection(SolutionProperties) = preSolution
		HideSolutionNode = FALSE
	EndGlobalSection
	GlobalSection(ExtensibilityGlobals) = postSolution
		SolutionGuid = {0AE44DD1-412D-4207-8BA4-A310DFECA4E1}
	EndGlobalSection
EndGlobal
